
Microsoft Visual Studio Solution File, Format Version 12.00
# Visual Studio Version 16
VisualStudioVersion = 16.0.31702.278
MinimumVisualStudioVersion = 10.0.40219.1
Project("{8BC9CEB8-8B4A-11D0-8D11-00A0C91BC942}") = "Project1", "Project1\Project1.vcxproj", "{91B36D65-A6ED-4DBB-A9E8-73656B43B9AB}"
EndProject
Global
	GlobalSection(SolutionConfigurationPlatforms) = preSolution
		Debug|x64 = Debug|x64
		Debug|x86 = Debug|x86
		Release|x64 = Release|x64
		Release|x86 = Release|x86
	EndGlobalSection
	GlobalSection(ProjectConfigurationPlatforms) = postSolution
		{91B36D65-A6ED-4DBB-A9E8-73656B43B9AB}.Debug|x64.ActiveCfg = Debug|x64
		{91B36D65-A6ED-4DBB-A9E8-73656B43B9AB}.Debug|x64.Build.0 = Debug|x64
		{91B36D65-A6ED-4DBB-A9E8-73656B43B9AB}.Debug|x86.ActiveCfg = Debug|Win32
		{91B36D65-A6ED-4DBB-A9E8-73656B43B9AB}.Debug|x86.Build.0 = Debug|Win32
		{91B36D65-A6ED-4DBB-A9E8-73656B43B9AB}.Release|x64.ActiveCfg = Release|x64
		{91B36D65-A6ED-4DBB-A9E8-73656B43B9AB}.Release|x64.Build.0 = Release|x64
		{91B36D65-A6ED-4DBB-A9E8-73656B43B9AB}.Release|x86.ActiveCfg = Release|Win32
		{91B36D65-A6ED-4DBB-A9E8-73656B43B9AB}.Release|x86.Build.0 = Release|Win32
	EndGlobalSection
	GlobalSection(SolutionProperties) = preSolution
		HideSolutionNode = FALSE
	EndGlobalSection
	GlobalSection(ExtensibilityGlobals) = postSolution
		SolutionGuid = {65EFEFD7-FBDF-4CEF-AC56-7E1F3CF07CD8}
	EndGlobalSection
EndGlobal
